
Microsoft Visual Studio Solution File, Format Version 12.00
# Visual Studio Version 16
VisualStudioVersion = 16.0.31727.386
MinimumVisualStudioVersion = 10.0.40219.1
Project("{FAE04EC0-301F-11D3-BF4B-00C04F79EFBC}") = "aplikacja", "aplikacja\aplikacja.csproj", "{BC0F3F7F-58BF-4C4C-BBF2-28B65338A838}"
EndProject
Global
	GlobalSection(SolutionConfigurationPlatforms) = preSolution
		Debug|Any CPU = Debug|Any CPU
		Release|Any CPU = Release|Any CPU
	EndGlobalSection
	GlobalSection(ProjectConfigurationPlatforms) = postSolution
		{BC0F3F7F-58BF-4C4C-BBF2-28B65338A838}.Debug|Any CPU.ActiveCfg = Debug|Any CPU
		{BC0F3F7F-58BF-4C4C-BBF2-28B65338A838}.Debug|Any CPU.Build.0 = Debug|Any CPU
		{BC0F3F7F-58BF-4C4C-BBF2-28B65338A838}.Release|Any CPU.ActiveCfg = Release|Any CPU
		{BC0F3F7F-58BF-4C4C-BBF2-28B65338A838}.Release|Any CPU.Build.0 = Release|Any CPU
	EndGlobalSection
	GlobalSection(SolutionProperties) = preSolution
		HideSolutionNode = FALSE
	EndGlobalSection
	GlobalSection(ExtensibilityGlobals) = postSolution
		SolutionGuid = {0332F123-961F-455E-90AA-25534776883C}
	EndGlobalSection
EndGlobal
